{
  "requires": true,
  "lockfileVersion": 1,
  "dependencies": {
    "@antv/adjust": {
      "version": "0.2.5",
      "resolved": "https://registry.npmmirror.com/@antv/adjust/-/adjust-0.2.5.tgz",
      "integrity": "sha512-MfWZOkD9CqXRES6MBGRNe27Q577a72EIwyMnE29wIlPliFvJfWwsrONddpGU7lilMpVKecS3WAzOoip3RfPTRQ==",
      "requires": {
        "@antv/util": "~2.0.0",
        "tslib": "^1.10.0"
      },
      "dependencies": {
        "tslib": {
          "version": "1.14.1",
          "resolved": "https://registry.npmmirror.com/tslib/-/tslib-1.14.1.tgz",
          "integrity": "sha512-Xni35NKzjgMrwevysHTCArtLDpPvye8zV/0E4EyYn43P7/7qvQwPh9BGkHewbMulVntbigmcT7rdX3BNo9wRJg=="
        }
      }
    },
    "@antv/attr": {
      "version": "0.3.3",
      "resolved": "https://registry.npmmirror.com/@antv/attr/-/attr-0.3.3.tgz",
      "integrity": "sha512-7iSSRhYzZ7pYXZKTL1ECGhTdKVHPQx1Vj7yYVTAiyLMsWsLUAoMf0m6dT6msTs0SdrXHRbjzXavVXxRj/wZZJA==",
      "requires": {
        "@antv/color-util": "^2.0.1",
        "@antv/util": "~2.0.0",
        "tslib": "^1.10.0"
      },
      "dependencies": {
        "tslib": {
          "version": "1.14.1",
          "resolved": "https://registry.npmmirror.com/tslib/-/tslib-1.14.1.tgz",
          "integrity": "sha512-Xni35NKzjgMrwevysHTCArtLDpPvye8zV/0E4EyYn43P7/7qvQwPh9BGkHewbMulVntbigmcT7rdX3BNo9wRJg=="
        }
      }
    },
    "@antv/color-util": {
      "version": "2.0.6",
      "resolved": "https://registry.npmmirror.com/@antv/color-util/-/color-util-2.0.6.tgz",
      "integrity": "sha512-KnPEaAH+XNJMjax9U35W67nzPI+QQ2x27pYlzmSIWrbj4/k8PGrARXfzDTjwoozHJY8qG62Z+Ww6Alhu2FctXQ==",
      "requires": {
        "@antv/util": "^2.0.9",
        "tslib": "^2.0.3"
      }
    },
    "@antv/component": {
      "version": "0.8.25",
      "resolved": "https://registry.npmmirror.com/@antv/component/-/component-0.8.25.tgz",
      "integrity": "sha512-1QENYhjnPFhJpdFllKIlqalNNlKUMWf7bU7RqgXXRRGfEoqEG2ZfDRd/i19WGJrjduvriS9Ba55JNpd4+Y9L7A==",
      "requires": {
        "@antv/color-util": "^2.0.3",
        "@antv/dom-util": "~2.0.1",
        "@antv/g-base": "^0.5.9",
        "@antv/matrix-util": "^3.1.0-beta.1",
        "@antv/path-util": "~2.0.7",
        "@antv/scale": "~0.3.1",
        "@antv/util": "~2.0.0",
        "fecha": "~4.2.0",
        "tslib": "^2.0.3"
      }
    },
    "@antv/coord": {
      "version": "0.3.1",
      "resolved": "https://registry.npmmirror.com/@antv/coord/-/coord-0.3.1.tgz",
      "integrity": "sha512-rFE94C8Xzbx4xmZnHh2AnlB3Qm1n5x0VT3OROy257IH6Rm4cuzv1+tZaUBATviwZd99S+rOY9telw/+6C9GbRw==",
      "requires": {
        "@antv/matrix-util": "^3.1.0-beta.2",
        "@antv/util": "~2.0.12",
        "tslib": "^2.1.0"
      }
    },
    "@antv/dom-util": {
      "version": "2.0.4",
      "resolved": "https://registry.npmmirror.com/@antv/dom-util/-/dom-util-2.0.4.tgz",
      "integrity": "sha512-2shXUl504fKwt82T3GkuT4Uoc6p9qjCKnJ8gXGLSW4T1W37dqf9AV28aCfoVPHp2BUXpSsB+PAJX2rG/jLHsLQ==",
      "requires": {
        "tslib": "^2.0.3"
      }
    },
    "@antv/event-emitter": {
      "version": "0.1.3",
      "resolved": "https://registry.npmmirror.com/@antv/event-emitter/-/event-emitter-0.1.3.tgz",
      "integrity": "sha512-4ddpsiHN9Pd4UIlWuKVK1C4IiZIdbwQvy9i7DUSI3xNJ89FPUFt8lxDYj8GzzfdllV0NkJTRxnG+FvLk0llidg=="
    },
    "@antv/g-base": {
      "version": "0.5.11",
      "resolved": "https://registry.npmmirror.com/@antv/g-base/-/g-base-0.5.11.tgz",
      "integrity": "sha512-10Hkq7XksVCqxZZrPkd6HTU9tb/+2meCVEMy/edhS4I/sokhcgC9m3fQP5bE8rA3EVKwELE7MJHZ98BEpVFqvQ==",
      "requires": {
        "@antv/event-emitter": "^0.1.1",
        "@antv/g-math": "^0.1.6",
        "@antv/matrix-util": "^3.1.0-beta.1",
        "@antv/path-util": "~2.0.5",
        "@antv/util": "~2.0.13",
        "@types/d3-timer": "^2.0.0",
        "d3-ease": "^1.0.5",
        "d3-interpolate": "^1.3.2",
        "d3-timer": "^1.0.9",
        "detect-browser": "^5.1.0",
        "tslib": "^2.0.3"
      }
    },
    "@antv/g-canvas": {
      "version": "0.5.12",
      "resolved": "https://registry.npmmirror.com/@antv/g-canvas/-/g-canvas-0.5.12.tgz",
      "integrity": "sha512-iJ/muwwqCCNONVlPIzv/7OL5iLguaKRj2BxNMytUO3TWwamM+kHkiyYEOkS0dPn9h/hBsHYlLUluSVz2Fp6/bw==",
      "requires": {
        "@antv/g-base": "^0.5.3",
        "@antv/g-math": "^0.1.6",
        "@antv/matrix-util": "^3.1.0-beta.1",
        "@antv/path-util": "~2.0.5",
        "@antv/util": "~2.0.0",
        "gl-matrix": "^3.0.0",
        "tslib": "^2.0.3"
      }
    },
    "@antv/g-math": {
      "version": "0.1.7",
      "resolved": "https://registry.npmmirror.com/@antv/g-math/-/g-math-0.1.7.tgz",
      "integrity": "sha512-xGyXaloD1ynfp7gS4VuV+MjSptZIwHvLHr8ekXJSFAeWPYLu84yOW2wOZHDdp1bzDAIuRv6xDBW58YGHrWsFcA==",
      "requires": {
        "@antv/util": "~2.0.0",
        "gl-matrix": "^3.0.0"
      }
    },
    "@antv/g-svg": {
      "version": "0.5.6",
      "resolved": "https://registry.npmmirror.com/@antv/g-svg/-/g-svg-0.5.6.tgz",
      "integrity": "sha512-Xve1EUGk4HMbl2nq4ozR4QLh6GyoZ8Xw/+9kHYI4B5P2lIUQU95MuRsaLFfW5NNpZDx85ZeH97tqEmC9L96E7A==",
      "requires": {
        "@antv/g-base": "^0.5.3",
        "@antv/g-math": "^0.1.6",
        "@antv/util": "~2.0.0",
        "detect-browser": "^5.0.0",
        "tslib": "^2.0.3"
      }
    },
    "@antv/g2": {
      "version": "4.1.47",
      "resolved": "https://registry.npmmirror.com/@antv/g2/-/g2-4.1.47.tgz",
      "integrity": "sha512-ndJQPEv6PtaYY18iDfw41AyedltbeLLE/lz3W5fAtVmniZ+gaUlaT/ppnlfEyHej621EeerIlsYyKm6m/HRUfQ==",
      "requires": {
        "@antv/adjust": "^0.2.1",
        "@antv/attr": "^0.3.1",
        "@antv/color-util": "^2.0.2",
        "@antv/component": "^0.8.19",
        "@antv/coord": "^0.3.0",
        "@antv/dom-util": "^2.0.2",
        "@antv/event-emitter": "~0.1.0",
        "@antv/g-base": "~0.5.6",
        "@antv/g-canvas": "~0.5.10",
        "@antv/g-svg": "~0.5.6",
        "@antv/matrix-util": "^3.1.0-beta.3",
        "@antv/path-util": "^2.0.15",
        "@antv/scale": "^0.3.14",
        "@antv/util": "~2.0.5",
        "tslib": "^2.0.0"
      }
    },
    "@antv/matrix-util": {
      "version": "3.1.0-beta.3",
      "resolved": "https://registry.npmmirror.com/@antv/matrix-util/-/matrix-util-3.1.0-beta.3.tgz",
      "integrity": "sha512-W2R6Za3A6CmG51Y/4jZUM/tFgYSq7vTqJL1VD9dKrvwxS4sE0ZcXINtkp55CdyBwJ6Cwm8pfoRpnD4FnHahN0A==",
      "requires": {
        "@antv/util": "^2.0.9",
        "gl-matrix": "^3.4.3",
        "tslib": "^2.0.3"
      }
    },
    "@antv/path-util": {
      "version": "2.0.15",
      "resolved": "https://registry.npmmirror.com/@antv/path-util/-/path-util-2.0.15.tgz",
      "integrity": "sha512-R2VLZ5C8PLPtr3VciNyxtjKqJ0XlANzpFb5sE9GE61UQqSRuSVSzIakMxjEPrpqbgc+s+y8i+fmc89Snu7qbNw==",
      "requires": {
        "@antv/matrix-util": "^3.0.4",
        "@antv/util": "^2.0.9",
        "tslib": "^2.0.3"
      },
      "dependencies": {
        "@antv/matrix-util": {
          "version": "3.0.4",
          "resolved": "https://registry.npmmirror.com/@antv/matrix-util/-/matrix-util-3.0.4.tgz",
          "integrity": "sha512-BAPyu6dUliHcQ7fm9hZSGKqkwcjEDVLVAstlHULLvcMZvANHeLXgHEgV7JqcAV/GIhIz8aZChIlzM1ZboiXpYQ==",
          "requires": {
            "@antv/util": "^2.0.9",
            "gl-matrix": "^3.3.0",
            "tslib": "^2.0.3"
          }
        }
      }
    },
    "@antv/scale": {
      "version": "0.3.15",
      "resolved": "https://registry.npmmirror.com/@antv/scale/-/scale-0.3.15.tgz",
      "integrity": "sha512-zHJXuxfzydpFJPR0PJ6F0E9MZUQfOY8pgYMU3PHoueIRmX1cPv9OpwoLX0tsXqC6eYe1LvlpT7j0ujaZ9MaC5g==",
      "requires": {
        "@antv/util": "~2.0.3",
        "fecha": "~4.2.0",
        "tslib": "^2.0.0"
      }
    },
    "@antv/util": {
      "version": "2.0.17",
      "resolved": "https://registry.npmmirror.com/@antv/util/-/util-2.0.17.tgz",
      "integrity": "sha512-o6I9hi5CIUvLGDhth0RxNSFDRwXeywmt6ExR4+RmVAzIi48ps6HUy+svxOCayvrPBN37uE6TAc2KDofRo0nK9Q==",
      "requires": {
        "csstype": "^3.0.8",
        "tslib": "^2.0.3"
      }
    },
    "@babel/runtime": {
      "version": "7.17.2",
      "resolved": "https://registry.npmmirror.com/@babel/runtime/-/runtime-7.17.2.tgz",
      "integrity": "sha512-hzeyJyMA1YGdJTuWU0e/j4wKXrU4OMFvY2MSlaI9B7VQb0r5cxTE3EAIS2Q7Tn2RIcDkRvTA/v2JsAEhxe99uw==",
      "requires": {
        "regenerator-runtime": "^0.13.4"
      }
    },
    "@types/d3-timer": {
      "version": "2.0.1",
      "resolved": "https://registry.npmmirror.com/@types/d3-timer/-/d3-timer-2.0.1.tgz",
      "integrity": "sha512-TF8aoF5cHcLO7W7403blM7L1T+6NF3XMyN3fxyUolq2uOcFeicG/khQg/dGxiCJWoAcmYulYN7LYSRKO54IXaA=="
    },
    "@videojs/http-streaming": {
      "version": "2.13.1",
      "resolved": "https://registry.npmmirror.com/@videojs/http-streaming/-/http-streaming-2.13.1.tgz",
      "integrity": "sha512-1x3fkGSPyL0+iaS3/lTvfnPTtfqzfgG+ELQtPPtTvDwqGol9Mx3TNyZwtSTdIufBrqYRn7XybB/3QNMsyjq13A==",
      "requires": {
        "@babel/runtime": "^7.12.5",
        "@videojs/vhs-utils": "3.0.4",
        "aes-decrypter": "3.1.2",
        "global": "^4.4.0",
        "m3u8-parser": "4.7.0",
        "mpd-parser": "0.21.0",
        "mux.js": "6.0.1",
        "video.js": "^6 || ^7"
      },
      "dependencies": {
        "mpd-parser": {
          "version": "0.21.0",
          "resolved": "https://registry.npmmirror.com/mpd-parser/-/mpd-parser-0.21.0.tgz",
          "integrity": "sha512-NbpMJ57qQzFmfCiP1pbL7cGMbVTD0X1hqNgL0VYP1wLlZXLf/HtmvQpNkOA1AHkPVeGQng+7/jEtSvNUzV7Gdg==",
          "requires": {
            "@babel/runtime": "^7.12.5",
            "@videojs/vhs-utils": "^3.0.2",
            "@xmldom/xmldom": "^0.7.2",
            "global": "^4.4.0"
          }
        },
        "mux.js": {
          "version": "6.0.1",
          "resolved": "https://registry.npmmirror.com/mux.js/-/mux.js-6.0.1.tgz",
          "integrity": "sha512-22CHb59rH8pWGcPGW5Og7JngJ9s+z4XuSlYvnxhLuc58cA1WqGDQPzuG8I+sPm1/p0CdgpzVTaKW408k5DNn8w==",
          "requires": {
            "@babel/runtime": "^7.11.2",
            "global": "^4.4.0"
          }
        }
      }
    },
    "@videojs/vhs-utils": {
      "version": "3.0.4",
      "resolved": "https://registry.npmmirror.com/@videojs/vhs-utils/-/vhs-utils-3.0.4.tgz",
      "integrity": "sha512-hui4zOj2I1kLzDgf8QDVxD3IzrwjS/43KiS8IHQO0OeeSsb4pB/lgNt1NG7Dv0wMQfCccUpMVLGcK618s890Yg==",
      "requires": {
        "@babel/runtime": "^7.12.5",
        "global": "^4.4.0",
        "url-toolkit": "^2.2.1"
      }
    },
    "@videojs/xhr": {
      "version": "2.6.0",
      "resolved": "https://registry.npmmirror.com/@videojs/xhr/-/xhr-2.6.0.tgz",
      "integrity": "sha512-7J361GiN1tXpm+gd0xz2QWr3xNWBE+rytvo8J3KuggFaLg+U37gZQ2BuPLcnkfGffy2e+ozY70RHC8jt7zjA6Q==",
      "requires": {
        "@babel/runtime": "^7.5.5",
        "global": "~4.4.0",
        "is-function": "^1.0.1"
      }
    },
    "@xmldom/xmldom": {
      "version": "0.7.5",
      "resolved": "https://registry.npmmirror.com/@xmldom/xmldom/-/xmldom-0.7.5.tgz",
      "integrity": "sha512-V3BIhmY36fXZ1OtVcI9W+FxQqxVLsPKcNjWigIaa81dLC9IolJl5Mt4Cvhmr0flUnjSpTdrbMTSbXqYqV5dT6A=="
    },
    "aes-decrypter": {
      "version": "3.1.2",
      "resolved": "https://registry.npmmirror.com/aes-decrypter/-/aes-decrypter-3.1.2.tgz",
      "integrity": "sha512-42nRwfQuPRj9R1zqZBdoxnaAmnIFyDi0MNyTVhjdFOd8fifXKKRfwIHIZ6AMn1or4x5WONzjwRTbTWcsIQ0O4A==",
      "requires": {
        "@babel/runtime": "^7.12.5",
        "@videojs/vhs-utils": "^3.0.0",
        "global": "^4.4.0",
        "pkcs7": "^1.0.4"
      }
    },
    "babel-runtime": {
      "version": "6.26.0",
      "resolved": "https://registry.npmmirror.com/babel-runtime/-/babel-runtime-6.26.0.tgz",
      "integrity": "sha512-ITKNuq2wKlW1fJg9sSW52eepoYgZBggvOAHC0u/CYu/qxQ9EVzThCgR69BnSXLHjy2f7SY5zaQ4yt7H9ZVxY2g==",
      "requires": {
        "core-js": "^2.4.0",
        "regenerator-runtime": "^0.11.0"
      },
      "dependencies": {
        "regenerator-runtime": {
          "version": "0.11.1",
          "resolved": "https://registry.npmmirror.com/regenerator-runtime/-/regenerator-runtime-0.11.1.tgz",
          "integrity": "sha512-MguG95oij0fC3QV3URf4V2SDYGJhJnJGqvIIgdECeODCT98wSWDAJ94SSuVpYQUoTcGUIL6L4yNB7j1DFFHSBg=="
        }
      }
    },
    "core-js": {
      "version": "2.6.12",
      "resolved": "https://registry.npmmirror.com/core-js/-/core-js-2.6.12.tgz",
      "integrity": "sha512-Kb2wC0fvsWfQrgk8HU5lW6U/Lcs8+9aaYcy4ZFc6DDlo4nZ7n70dEgE5rtR0oG6ufKDUnrwfWL1mXR5ljDatrQ=="
    },
    "csstype": {
      "version": "3.0.11",
      "resolved": "https://registry.npmmirror.com/csstype/-/csstype-3.0.11.tgz",
      "integrity": "sha512-sa6P2wJ+CAbgyy4KFssIb/JNMLxFvKF1pCYCSXS8ZMuqZnMsrxqI2E5sPyoTpxoPU/gVZMzr2zjOfg8GIZOMsw=="
    },
    "d3-color": {
      "version": "1.4.1",
      "resolved": "https://registry.npmmirror.com/d3-color/-/d3-color-1.4.1.tgz",
      "integrity": "sha512-p2sTHSLCJI2QKunbGb7ocOh7DgTAn8IrLx21QRc/BSnodXM4sv6aLQlnfpvehFMLZEfBc6g9pH9SWQccFYfJ9Q=="
    },
    "d3-ease": {
      "version": "1.0.7",
      "resolved": "https://registry.npmmirror.com/d3-ease/-/d3-ease-1.0.7.tgz",
      "integrity": "sha512-lx14ZPYkhNx0s/2HX5sLFUI3mbasHjSSpwO/KaaNACweVwxUruKyWVcb293wMv1RqTPZyZ8kSZ2NogUZNcLOFQ=="
    },
    "d3-interpolate": {
      "version": "1.4.0",
      "resolved": "https://registry.npmmirror.com/d3-interpolate/-/d3-interpolate-1.4.0.tgz",
      "integrity": "sha512-V9znK0zc3jOPV4VD2zZn0sDhZU3WAE2bmlxdIwwQPPzPjvyLkd8B3JUVdS1IDUFDkWZ72c9qnv1GK2ZagTZ8EA==",
      "requires": {
        "d3-color": "1"
      }
    },
    "d3-timer": {
      "version": "1.0.10",
      "resolved": "https://registry.npmmirror.com/d3-timer/-/d3-timer-1.0.10.tgz",
      "integrity": "sha512-B1JDm0XDaQC+uvo4DT79H0XmBskgS3l6Ve+1SBCfxgmtIb1AVrPIoqd+nPSv+loMX8szQ0sVUhGngL7D5QPiXw=="
    },
    "detect-browser": {
      "version": "5.3.0",
      "resolved": "https://registry.npmmirror.com/detect-browser/-/detect-browser-5.3.0.tgz",
      "integrity": "sha512-53rsFbGdwMwlF7qvCt0ypLM5V5/Mbl0szB7GPN8y9NCcbknYOeVVXdrXEq+90IwAfrrzt6Hd+u2E2ntakICU8w=="
    },
    "dom-walk": {
      "version": "0.1.2",
      "resolved": "https://registry.npmmirror.com/dom-walk/-/dom-walk-0.1.2.tgz",
      "integrity": "sha512-6QvTW9mrGeIegrFXdtQi9pk7O/nSK6lSdXW2eqUspN5LWD7UTji2Fqw5V2YLjBpHEoU9Xl/eUWNpDeZvoyOv2w=="
    },
    "es5-shim": {
      "version": "4.6.5",
      "resolved": "https://registry.npmmirror.com/es5-shim/-/es5-shim-4.6.5.tgz",
      "integrity": "sha512-vfQ4UAai8szn0sAubCy97xnZ4sJVDD1gt/Grn736hg8D7540wemIb1YPrYZSTqlM2H69EQX1or4HU/tSwRTI3w=="
    },
    "fecha": {
      "version": "4.2.1",
      "resolved": "https://registry.npmmirror.com/fecha/-/fecha-4.2.1.tgz",
      "integrity": "sha512-MMMQ0ludy/nBs1/o0zVOiKTpG7qMbonKUzjJgQFEuvq6INZ1OraKPRAWkBq5vlKLOUMpmNYG1JoN3oDPUQ9m3Q=="
    },
    "gl-matrix": {
      "version": "3.4.3",
      "resolved": "https://registry.npmmirror.com/gl-matrix/-/gl-matrix-3.4.3.tgz",
      "integrity": "sha512-wcCp8vu8FT22BnvKVPjXa/ICBWRq/zjFfdofZy1WSpQZpphblv12/bOQLBC1rMM7SGOFS9ltVmKOHil5+Ml7gA=="
    },
    "global": {
      "version": "4.4.0",
      "resolved": "https://registry.npmmirror.com/global/-/global-4.4.0.tgz",
      "integrity": "sha512-wv/LAoHdRE3BeTGz53FAamhGlPLhlssK45usmGFThIi4XqnBmjKQ16u+RNbP7WvigRZDxUsM0J3gcQ5yicaL0w==",
      "requires": {
        "min-document": "^2.19.0",
        "process": "^0.11.10"
      }
    },
    "individual": {
      "version": "2.0.0",
      "resolved": "https://registry.npmmirror.com/individual/-/individual-2.0.0.tgz",
      "integrity": "sha512-pWt8hBCqJsUWI/HtcfWod7+N9SgAqyPEaF7JQjwzjn5vGrpg6aQ5qeAFQ7dx//UH4J1O+7xqew+gCeeFt6xN/g=="
    },
    "is-function": {
      "version": "1.0.2",
      "resolved": "https://registry.npmmirror.com/is-function/-/is-function-1.0.2.tgz",
      "integrity": "sha512-lw7DUp0aWXYg+CBCN+JKkcE0Q2RayZnSvnZBlwgxHBQhqt5pZNVy4Ri7H9GmmXkdu7LUthszM+Tor1u/2iBcpQ=="
    },
    "keycode": {
      "version": "2.2.1",
      "resolved": "https://registry.npmmirror.com/keycode/-/keycode-2.2.1.tgz",
      "integrity": "sha512-Rdgz9Hl9Iv4QKi8b0OlCRQEzp4AgVxyCtz5S/+VIHezDmrDhkp2N2TqBWOLz0/gbeREXOOiI9/4b8BY9uw2vFg=="
    },
    "m3u8-parser": {
      "version": "4.7.0",
      "resolved": "https://registry.npmmirror.com/m3u8-parser/-/m3u8-parser-4.7.0.tgz",
      "integrity": "sha512-48l/OwRyjBm+QhNNigEEcRcgbRvnUjL7rxs597HmW9QSNbyNvt+RcZ9T/d9vxi9A9z7EZrB1POtZYhdRlwYQkQ==",
      "requires": {
        "@babel/runtime": "^7.12.5",
        "@videojs/vhs-utils": "^3.0.0",
        "global": "^4.4.0"
      }
    },
    "min-document": {
      "version": "2.19.0",
      "resolved": "https://registry.npmmirror.com/min-document/-/min-document-2.19.0.tgz",
      "integrity": "sha512-9Wy1B3m3f66bPPmU5hdA4DR4PB2OfDU/+GS3yAB7IQozE3tqXaVv2zOjgla7MEGSRv95+ILmOuvhLkOK6wJtCQ==",
      "requires": {
        "dom-walk": "^0.1.0"
      }
    },
    "mpd-parser": {
      "version": "0.19.2",
      "resolved": "https://registry.npmmirror.com/mpd-parser/-/mpd-parser-0.19.2.tgz",
      "integrity": "sha512-M5tAIdtBM2TN+OSTz/37T7V+h9ZLvhyNqq4TNIdtjAQ/Hg8UnMRf5nJQDjffcXag3POXi31yUJQEKOXdcAM/nw==",
      "requires": {
        "@babel/runtime": "^7.12.5",
        "@videojs/vhs-utils": "^3.0.2",
        "@xmldom/xmldom": "^0.7.2",
        "global": "^4.4.0"
      }
    },
    "mux.js": {
      "version": "5.14.1",
      "resolved": "https://registry.npmmirror.com/mux.js/-/mux.js-5.14.1.tgz",
      "integrity": "sha512-38kA/xjWRDzMbcpHQfhKbJAME8eTZVsb9U2Puk890oGvGqnyu8B/AkKdICKPHkigfqYX9MY20vje88TP14nhog==",
      "requires": {
        "@babel/runtime": "^7.11.2"
      }
    },
    "parse-headers": {
      "version": "2.0.4",
      "resolved": "https://registry.npmmirror.com/parse-headers/-/parse-headers-2.0.4.tgz",
      "integrity": "sha512-psZ9iZoCNFLrgRjZ1d8mn0h9WRqJwFxM9q3x7iUjN/YT2OksthDJ5TiPCu2F38kS4zutqfW+YdVVkBZZx3/1aw=="
    },
    "pkcs7": {
      "version": "1.0.4",
      "resolved": "https://registry.npmmirror.com/pkcs7/-/pkcs7-1.0.4.tgz",
      "integrity": "sha512-afRERtHn54AlwaF2/+LFszyAANTCggGilmcmILUzEjvs3XgFZT+xE6+QWQcAGmu4xajy+Xtj7acLOPdx5/eXWQ==",
      "requires": {
        "@babel/runtime": "^7.5.5"
      }
    },
    "process": {
      "version": "0.11.10",
      "resolved": "https://registry.npmmirror.com/process/-/process-0.11.10.tgz",
      "integrity": "sha512-cdGef/drWFoydD1JsMzuFf8100nZl+GT+yacc2bEced5f9Rjk4z+WtFUTBu9PhOi9j/jfmBPu0mMEY4wIdAF8A=="
    },
    "regenerator-runtime": {
      "version": "0.13.9",
      "resolved": "https://registry.npmmirror.com/regenerator-runtime/-/regenerator-runtime-0.13.9.tgz",
      "integrity": "sha512-p3VT+cOEgxFsRRA9X4lkI1E+k2/CtnKtU4gcxyaCUreilL/vqI6CdZ3wxVUx3UOUg+gnUOQQcRI7BmSI656MYA=="
    },
    "rust-result": {
      "version": "1.0.0",
      "resolved": "https://registry.npmmirror.com/rust-result/-/rust-result-1.0.0.tgz",
      "integrity": "sha512-6cJzSBU+J/RJCF063onnQf0cDUOHs9uZI1oroSGnHOph+CQTIJ5Pp2hK5kEQq1+7yE/EEWfulSNXAQ2jikPthA==",
      "requires": {
        "individual": "^2.0.0"
      }
    },
    "safe-json-parse": {
      "version": "4.0.0",
      "resolved": "https://registry.npmmirror.com/safe-json-parse/-/safe-json-parse-4.0.0.tgz",
      "integrity": "sha512-RjZPPHugjK0TOzFrLZ8inw44s9bKox99/0AZW9o/BEQVrJfhI+fIHMErnPyRa89/yRXUUr93q+tiN6zhoVV4wQ==",
      "requires": {
        "rust-result": "^1.0.0"
      }
    },
    "tslib": {
      "version": "2.3.1",
      "resolved": "https://registry.npmmirror.com/tslib/-/tslib-2.3.1.tgz",
      "integrity": "sha512-77EbyPPpMz+FRFRuAFlWMtmgUWGe9UOG2Z25NqCwiIjRhOf5iKGuzSe5P2w1laq+FkRy4p+PCuVkJSGkzTEKVw=="
    },
    "tsml": {
      "version": "1.0.1",
      "resolved": "https://registry.npmmirror.com/tsml/-/tsml-1.0.1.tgz",
      "integrity": "sha512-3KmepnH9SUsoOVtg013CRrL7c+AK7ECaquAsJdvu4288EDJuraqBlP4PDXT/rLEJ9YDn4jqLAzRJsnFPx+V6lg=="
    },
    "url-toolkit": {
      "version": "2.2.5",
      "resolved": "https://registry.npmmirror.com/url-toolkit/-/url-toolkit-2.2.5.tgz",
      "integrity": "sha512-mtN6xk+Nac+oyJ/PrI7tzfmomRVNFIWKUbG8jdYFt52hxbiReFAXIjYskvu64/dvuW71IcB7lV8l0HvZMac6Jg=="
    },
    "video.js": {
      "version": "7.17.0",
      "resolved": "https://registry.npmmirror.com/video.js/-/video.js-7.17.0.tgz",
      "integrity": "sha512-8RbLu9+Pdpep9OTPncUHIvZXFgn/7hKdPnSTE/lGSnlFSucXtTUBp41R7NDwncscMLQ0WgazUbmFlvr4MNWMbA==",
      "requires": {
        "@babel/runtime": "^7.12.5",
        "@videojs/http-streaming": "2.12.0",
        "@videojs/vhs-utils": "^3.0.3",
        "@videojs/xhr": "2.6.0",
        "aes-decrypter": "3.1.2",
        "global": "^4.4.0",
        "keycode": "^2.2.0",
        "m3u8-parser": "4.7.0",
        "mpd-parser": "0.19.2",
        "mux.js": "5.14.1",
        "safe-json-parse": "4.0.0",
        "videojs-font": "3.2.0",
        "videojs-vtt.js": "^0.15.3"
      },
      "dependencies": {
        "@videojs/http-streaming": {
          "version": "2.12.0",
          "resolved": "https://registry.npmmirror.com/@videojs/http-streaming/-/http-streaming-2.12.0.tgz",
          "integrity": "sha512-vdQA0lDYBXGJqV2T02AGqg1w4dcgyRoN+bYG+G8uF4DpCEMhEtUI0BA4tRu4/Njar8w/9D5k0a1KX40pcvM3fA==",
          "requires": {
            "@babel/runtime": "^7.12.5",
            "@videojs/vhs-utils": "3.0.4",
            "aes-decrypter": "3.1.2",
            "global": "^4.4.0",
            "m3u8-parser": "4.7.0",
            "mpd-parser": "0.19.2",
            "mux.js": "5.14.1",
            "video.js": "^6 || ^7"
          }
        }
      }
    },
    "videojs-contrib-hls": {
      "version": "5.15.0",
      "resolved": "https://registry.npmmirror.com/videojs-contrib-hls/-/videojs-contrib-hls-5.15.0.tgz",
      "integrity": "sha512-18zbMYZ0XRBKTPEayA9bFTWWrqhT9b4G8+zf0czJLD7Epe5PcK1I/3dflTHQeQ5rwlWir+/XnFU3sMg/B2MMcw==",
      "requires": {
        "aes-decrypter": "1.0.3",
        "global": "^4.3.0",
        "m3u8-parser": "2.1.0",
        "mux.js": "4.3.2",
        "url-toolkit": "^2.1.3",
        "video.js": "^5.19.1 || ^6.2.0",
        "videojs-contrib-media-sources": "4.7.2",
        "webwackify": "0.1.6"
      },
      "dependencies": {
        "aes-decrypter": {
          "version": "1.0.3",
          "resolved": "https://registry.npmmirror.com/aes-decrypter/-/aes-decrypter-1.0.3.tgz",
          "integrity": "sha512-rsx8pfx7wJsn+ziYbpJ8XA5c93hKAtBCrfydxJqJCMT+qfjipd/B5wC2xHtBcoxyvlqJcpeAo3K55t0lXOn9yQ==",
          "requires": {
            "pkcs7": "^0.2.3"
          }
        },
        "m3u8-parser": {
          "version": "2.1.0",
          "resolved": "https://registry.npmmirror.com/m3u8-parser/-/m3u8-parser-2.1.0.tgz",
          "integrity": "sha512-WbEpQ2FUaNGbJ0YanSeyj9D9ruu4FUvz+ZvebIzI2bSME+PUwcPXO1kKXZkjcPUAFruDikoOI5fWQNIA6JCCOQ=="
        },
        "mux.js": {
          "version": "4.3.2",
          "resolved": "https://registry.npmmirror.com/mux.js/-/mux.js-4.3.2.tgz",
          "integrity": "sha512-g0q6DPdvb3yYcoK7ElBGobdSSrhY/RjPt19U7uUc733aqvc5bCS/aCvL9z+448y+IoCZnYDwyZfQBBXMSmGOaQ=="
        },
        "pkcs7": {
          "version": "0.2.3",
          "resolved": "https://registry.npmmirror.com/pkcs7/-/pkcs7-0.2.3.tgz",
          "integrity": "sha512-kJRwmADEQUg+qJyRgWLtpEL9q9cFjZschejTEK3GRjKvnsU9G5WWoe/wKqRgbBoqWdVSeTUKP6vIA3Y72M3rWA=="
        },
        "process": {
          "version": "0.5.2",
          "resolved": "https://registry.npmmirror.com/process/-/process-0.5.2.tgz",
          "integrity": "sha512-oNpcutj+nYX2FjdEW7PGltWhXulAnFlM0My/k48L90hARCOJtvBbQXc/6itV2jDvU5xAAtonP+r6wmQgCcbAUA=="
        },
        "video.js": {
          "version": "6.13.0",
          "resolved": "https://registry.npmmirror.com/video.js/-/video.js-6.13.0.tgz",
          "integrity": "sha512-36/JR/GhPQSZj0o+GNbhcEYv/b0SkV9SQsjlodAnzMQYN0TA7VhmqrKPYMCi1NGRYu7S9W3OaFCFoUxkYfSVlg==",
          "requires": {
            "babel-runtime": "^6.9.2",
            "global": "4.3.2",
            "safe-json-parse": "4.0.0",
            "tsml": "1.0.1",
            "videojs-font": "2.1.0",
            "videojs-ie8": "1.1.2",
            "videojs-vtt.js": "0.12.6",
            "xhr": "2.4.0"
          },
          "dependencies": {
            "global": {
              "version": "4.3.2",
              "resolved": "https://registry.npmmirror.com/global/-/global-4.3.2.tgz",
              "integrity": "sha512-/4AybdwIDU4HkCUbJkZdWpe4P6vuw/CUtu+0I1YlLIPe7OlUO7KNJ+q/rO70CW2/NW6Jc6I62++Hzsf5Alu6rQ==",
              "requires": {
                "min-document": "^2.19.0",
                "process": "~0.5.1"
              }
            }
          }
        },
        "videojs-font": {
          "version": "2.1.0",
          "resolved": "https://registry.npmmirror.com/videojs-font/-/videojs-font-2.1.0.tgz",
          "integrity": "sha512-zFqWpLrXf1q8NtYx5qtZhMC6SLUFScDmR6j+UGPogobxR21lvXShhnzcNNMdOxJUuFLiToJ/BPpFUQwX4xhpvA=="
        },
        "videojs-vtt.js": {
          "version": "0.12.6",
          "resolved": "https://registry.npmmirror.com/videojs-vtt.js/-/videojs-vtt.js-0.12.6.tgz",
          "integrity": "sha512-XFXeGBQiljnElMhwCcZst0RDbZn2n8LU7ZScXryd3a00OaZsHAjdZu/7/RdSr7Z1jHphd45FnOvOQkGK4YrWCQ==",
          "requires": {
            "global": "^4.3.1"
          }
        }
      }
    },
    "videojs-contrib-media-sources": {
      "version": "4.7.2",
      "resolved": "https://registry.npmmirror.com/videojs-contrib-media-sources/-/videojs-contrib-media-sources-4.7.2.tgz",
      "integrity": "sha512-e6iCHWBFuV05EGo7v+pS9iepObXnJ9joms467gzi8ZjpKVb3ifha9M0Ja24Rd8JfvYpzjltsgDVtGFDvIg4hQQ==",
      "requires": {
        "global": "^4.3.0",
        "mux.js": "4.3.2",
        "video.js": "^5.17.0 || ^6.2.0",
        "webwackify": "0.1.6"
      },
      "dependencies": {
        "mux.js": {
          "version": "4.3.2",
          "resolved": "https://registry.npmmirror.com/mux.js/-/mux.js-4.3.2.tgz",
          "integrity": "sha512-g0q6DPdvb3yYcoK7ElBGobdSSrhY/RjPt19U7uUc733aqvc5bCS/aCvL9z+448y+IoCZnYDwyZfQBBXMSmGOaQ=="
        },
        "process": {
          "version": "0.5.2",
          "resolved": "https://registry.npmmirror.com/process/-/process-0.5.2.tgz",
          "integrity": "sha512-oNpcutj+nYX2FjdEW7PGltWhXulAnFlM0My/k48L90hARCOJtvBbQXc/6itV2jDvU5xAAtonP+r6wmQgCcbAUA=="
        },
        "video.js": {
          "version": "6.13.0",
          "resolved": "https://registry.npmmirror.com/video.js/-/video.js-6.13.0.tgz",
          "integrity": "sha512-36/JR/GhPQSZj0o+GNbhcEYv/b0SkV9SQsjlodAnzMQYN0TA7VhmqrKPYMCi1NGRYu7S9W3OaFCFoUxkYfSVlg==",
          "requires": {
            "babel-runtime": "^6.9.2",
            "global": "4.3.2",
            "safe-json-parse": "4.0.0",
            "tsml": "1.0.1",
            "videojs-font": "2.1.0",
            "videojs-ie8": "1.1.2",
            "videojs-vtt.js": "0.12.6",
            "xhr": "2.4.0"
          },
          "dependencies": {
            "global": {
              "version": "4.3.2",
              "resolved": "https://registry.npmmirror.com/global/-/global-4.3.2.tgz",
              "integrity": "sha512-/4AybdwIDU4HkCUbJkZdWpe4P6vuw/CUtu+0I1YlLIPe7OlUO7KNJ+q/rO70CW2/NW6Jc6I62++Hzsf5Alu6rQ==",
              "requires": {
                "min-document": "^2.19.0",
                "process": "~0.5.1"
              }
            }
          }
        },
        "videojs-font": {
          "version": "2.1.0",
          "resolved": "https://registry.npmmirror.com/videojs-font/-/videojs-font-2.1.0.tgz",
          "integrity": "sha512-zFqWpLrXf1q8NtYx5qtZhMC6SLUFScDmR6j+UGPogobxR21lvXShhnzcNNMdOxJUuFLiToJ/BPpFUQwX4xhpvA=="
        },
        "videojs-vtt.js": {
          "version": "0.12.6",
          "resolved": "https://registry.npmmirror.com/videojs-vtt.js/-/videojs-vtt.js-0.12.6.tgz",
          "integrity": "sha512-XFXeGBQiljnElMhwCcZst0RDbZn2n8LU7ZScXryd3a00OaZsHAjdZu/7/RdSr7Z1jHphd45FnOvOQkGK4YrWCQ==",
          "requires": {
            "global": "^4.3.1"
          }
        }
      }
    },
    "videojs-font": {
      "version": "3.2.0",
      "resolved": "https://registry.npmmirror.com/videojs-font/-/videojs-font-3.2.0.tgz",
      "integrity": "sha512-g8vHMKK2/JGorSfqAZQUmYYNnXmfec4MLhwtEFS+mMs2IDY398GLysy6BH6K+aS1KMNu/xWZ8Sue/X/mdQPliA=="
    },
    "videojs-ie8": {
      "version": "1.1.2",
      "resolved": "https://registry.npmmirror.com/videojs-ie8/-/videojs-ie8-1.1.2.tgz",
      "integrity": "sha512-0Zb2T4MLkpfZbeGMK/Z93b8Lrepr+rLFoHgQV1CoDeFqXvH7b+Vsd/VHoILGxQrgCSHFQ7mAODR6oyMjuiD4/g==",
      "requires": {
        "es5-shim": "^4.5.1"
      }
    },
    "videojs-vtt.js": {
      "version": "0.15.3",
      "resolved": "https://registry.npmmirror.com/videojs-vtt.js/-/videojs-vtt.js-0.15.3.tgz",
      "integrity": "sha512-5FvVsICuMRx6Hd7H/Y9s9GDeEtYcXQWzGMS+sl4UX3t/zoHp3y+isSfIPRochnTH7h+Bh1ILyC639xy9Z6kPag==",
      "requires": {
        "global": "^4.3.1"
      }
    },
    "webwackify": {
      "version": "0.1.6",
      "resolved": "https://registry.npmmirror.com/webwackify/-/webwackify-0.1.6.tgz",
      "integrity": "sha512-pGcw1T3HpNnM/UTRQqqRkkkzythSLts05mB+7Gr00B+0VbL0m39dFL5g20rSIEUt9Wrpw+/8k+snxRlUFHhcqA=="
    },
    "xhr": {
      "version": "2.4.0",
      "resolved": "https://registry.npmmirror.com/xhr/-/xhr-2.4.0.tgz",
      "integrity": "sha512-TUbBsdAuJbX8olk9hsDwGK8P1ri1XlV+PdEWkYw+HQQbpkiBR8PLgD1F3kQDPBs9l4Px34hP9rCYAZOCCAENbw==",
      "requires": {
        "global": "~4.3.0",
        "is-function": "^1.0.1",
        "parse-headers": "^2.0.0",
        "xtend": "^4.0.0"
      },
      "dependencies": {
        "global": {
          "version": "4.3.2",
          "resolved": "https://registry.npmmirror.com/global/-/global-4.3.2.tgz",
          "integrity": "sha512-/4AybdwIDU4HkCUbJkZdWpe4P6vuw/CUtu+0I1YlLIPe7OlUO7KNJ+q/rO70CW2/NW6Jc6I62++Hzsf5Alu6rQ==",
          "requires": {
            "min-document": "^2.19.0",
            "process": "~0.5.1"
          }
        },
        "process": {
          "version": "0.5.2",
          "resolved": "https://registry.npmmirror.com/process/-/process-0.5.2.tgz",
          "integrity": "sha512-oNpcutj+nYX2FjdEW7PGltWhXulAnFlM0My/k48L90hARCOJtvBbQXc/6itV2jDvU5xAAtonP+r6wmQgCcbAUA=="
        }
      }
    },
    "xtend": {
      "version": "4.0.2",
      "resolved": "https://registry.npmmirror.com/xtend/-/xtend-4.0.2.tgz",
      "integrity": "sha512-LKYU1iAXJXUgAXn9URjiu+MWhyUXHsvfp7mcuYm9dSUKK0/CjtrUwFAxD82/mCWbtLsGjFIad0wIsod4zrTAEQ=="
    }
  }
}
